
Microsoft Visual Studio Solution File, Format Version 12.00
# Visual Studio 2013
VisualStudioVersion = 12.0.21005.1
MinimumVisualStudioVersion = 10.0.40219.1
Project("{FAE04EC0-301F-11D3-BF4B-00C04F79EFBC}") = "proje.v6", "proje.v6\proje.v6.csproj", "{999CF9FB-03D5-41FF-8236-69C8936BE26B}"
EndProject
Global
	GlobalSection(SolutionConfigurationPlatforms) = preSolution
		Debug|Any CPU = Debug|Any CPU
		Release|Any CPU = Release|Any CPU
	EndGlobalSection
	GlobalSection(ProjectConfigurationPlatforms) = postSolution
		{999CF9FB-03D5-41FF-8236-69C8936BE26B}.Debug|Any CPU.ActiveCfg = Debug|Any CPU
		{999CF9FB-03D5-41FF-8236-69C8936BE26B}.Debug|Any CPU.Build.0 = Debug|Any CPU
		{999CF9FB-03D5-41FF-8236-69C8936BE26B}.Release|Any CPU.ActiveCfg = Release|Any CPU
		{999CF9FB-03D5-41FF-8236-69C8936BE26B}.Release|Any CPU.Build.0 = Release|Any CPU
	EndGlobalSection
	GlobalSection(SolutionProperties) = preSolution
		HideSolutionNode = FALSE
	EndGlobalSection
EndGlobal
